
Microsoft Visual Studio Solution File, Format Version 12.00
# Visual Studio Version 16
VisualStudioVersion = 16.0.31005.135
MinimumVisualStudioVersion = 10.0.40219.1
Project("{FAE04EC0-301F-11D3-BF4B-00C04F79EFBC}") = "ClassMetotDemo", "ClassMetotDemo\ClassMetotDemo.csproj", "{CBFA1EF1-9924-4C04-8CF3-3E41F05E8331}"
EndProject
Global
	GlobalSection(SolutionConfigurationPlatforms) = preSolution
		Debug|Any CPU = Debug|Any CPU
		Release|Any CPU = Release|Any CPU
	EndGlobalSection
	GlobalSection(ProjectConfigurationPlatforms) = postSolution
		{CBFA1EF1-9924-4C04-8CF3-3E41F05E8331}.Debug|Any CPU.ActiveCfg = Debug|Any CPU
		{CBFA1EF1-9924-4C04-8CF3-3E41F05E8331}.Debug|Any CPU.Build.0 = Debug|Any CPU
		{CBFA1EF1-9924-4C04-8CF3-3E41F05E8331}.Release|Any CPU.ActiveCfg = Release|Any CPU
		{CBFA1EF1-9924-4C04-8CF3-3E41F05E8331}.Release|Any CPU.Build.0 = Release|Any CPU
	EndGlobalSection
	GlobalSection(SolutionProperties) = preSolution
		HideSolutionNode = FALSE
	EndGlobalSection
	GlobalSection(ExtensibilityGlobals) = postSolution
		SolutionGuid = {E0F75892-A77B-4DD3-BC16-82C7FE93EB57}
	EndGlobalSection
EndGlobal
